// !$*UTF8*$!
{
	archiveVersion = 1;
	classes = {
	};
	objectVersion = 77;
	objects = {

/* Begin PBXContainerItemProxy section */
		9C46279E2F07C5CF00DBD32D /* PBXContainerItemProxy */ = {
			isa = PBXContainerItemProxy;
			containerPortal = 9C46277F2F07C5CD00DBD32D /* Project object */;
			proxyType = 1;
			remoteGlobalIDString = 9C4627862F07C5CD00DBD32D;
			remoteInfo = "News Explorer";
		};
		9C4627A82F07C5CF00DBD32D /* PBXContainerItemProxy */ = {
			isa = PBXContainerItemProxy;
			containerPortal = 9C46277F2F07C5CD00DBD32D /* Project object */;
			proxyType = 1;
			remoteGlobalIDString = 9C4627862F07C5CD00DBD32D;
			remoteInfo = "News Explorer";
		};
/* End PBXContainerItemProxy section */

/* Begin PBXFileReference section */
		9C4627872F07C5CD00DBD32D /* News Explorer.app */ = {isa = PBXFileReference; explicitFileType = wrapper.application; includeInIndex = 0; path = "News Explorer.app"; sourceTree = BUILT_PRODUCTS_DIR; };
		9C46279D2F07C5CF00DBD32D /* News ExplorerTests.xctest */ = {isa = PBXFileReference; explicitFileType = wrapper.cfbundle; includeInIndex = 0; path = "News ExplorerTests.xctest"; sourceTree = BUILT_PRODUCTS_DIR; };
		9C4627A72F07C5CF00DBD32D /* News ExplorerUITests.xctest */ = {isa = PBXFileReference; explicitFileType = wrapper.cfbundle; includeInIndex = 0; path = "News ExplorerUITests.xctest"; sourceTree = BUILT_PRODUCTS_DIR; };
/* End PBXFileReference section */

/* Begin PBXFileSystemSynchronizedBuildFileExceptionSet section */
		9C4627AF2F07C5CF00DBD32D /* Exceptions for "News Explorer" folder in "News Explorer" target */ = {
			isa = PBXFileSystemSynchronizedBuildFileExceptionSet;
			membershipExceptions = (
				Info.plist,
			);
			target = 9C4627862F07C5CD00DBD32D /* News Explorer */;
		};
/* End PBXFileSystemSynchronizedBuildFileExceptionSet section */

/* Begin PBXFileSystemSynchronizedRootGroup section */
		9C4627892F07C5CD00DBD32D /* News Explorer */ = {
			isa = PBXFileSystemSynchronizedRootGroup;
			exceptions = (
				9C4627AF2F07C5CF00DBD32D /* Exceptions for "News Explorer" folder in "News Explorer" target */,
			);
			path = "News Explorer";
			sourceTree = "<group>";
		};
		9C4627A02F07C5CF00DBD32D /* News ExplorerTests */ = {
			isa = PBXFileSystemSynchronizedRootGroup;
			path = "News ExplorerTests";
			sourceTree = "<group>";
		};
		9C4627AA2F07C5CF00DBD32D /* News ExplorerUITests */ = {
			isa = PBXFileSystemSynchronizedRootGroup;
			path = "News ExplorerUITests";
			sourceTree = "<group>";
		};
/* End PBXFileSystemSynchronizedRootGroup section */

/* Begin PBXFrameworksBuildPhase section */
		9C4627842F07C5CD00DBD32D /* Frameworks */ = {
			isa = PBXFrameworksBuildPhase;
			buildActionMask = 2147483647;
			files = (
			);
			runOnlyForDeploymentPostprocessing = 0;
		};
		9C46279A2F07C5CF00DBD32D /* Frameworks */ = {
			isa = PBXFrameworksBuildPhase;
			buildActionMask = 2147483647;
			files = (
			);
			runOnlyForDeploymentPostprocessing = 0;
		};
		9C4627A42F07C5CF00DBD32D /* Frameworks */ = {
			isa = PBXFrameworksBuildPhase;
			buildActionMask = 2147483647;
			files = (
			);
			runOnlyForDeploymentPostprocessing = 0;
		};
/* End PBXFrameworksBuildPhase section */

/* Begin PBXGroup section */
		9C46277E2F07C5CD00DBD32D = {
			isa = PBXGroup;
			children = (
				9C4627892F07C5CD00DBD32D /* News Explorer */,
				9C4627A02F07C5CF00DBD32D /* News ExplorerTests */,
				9C4627AA2F07C5CF00DBD32D /* News ExplorerUITests */,
				9C4627882F07C5CD00DBD32D /* Products */,
			);
			sourceTree = "<group>";
		};
		9C4627882F07C5CD00DBD32D /* Products */ = {
			isa = PBXGroup;
			children = (
				9C4627872F07C5CD00DBD32D /* News Explorer.app */,
				9C46279D2F07C5CF00DBD32D /* News ExplorerTests.xctest */,
				9C4627A72F07C5CF00DBD32D /* News ExplorerUITests.xctest */,
			);
			name = Products;
			sourceTree = "<group>";
		};
/* End PBXGroup section */

/* Begin PBXNativeTarget section */
		9C4627862F07C5CD00DBD32D /* News Explorer */ = {
			isa = PBXNativeTarget;
			buildConfigurationList = 9C4627B02F07C5CF00DBD32D /* Build configuration list for PBXNativeTarget "News Explorer" */;
			buildPhases = (
				9C4627832F07C5CD00DBD32D /* Sources */,
				9C4627842F07C5CD00DBD32D /* Frameworks */,
				9C4627852F07C5CD00DBD32D /* Resources */,
			);
			buildRules = (
			);
			dependencies = (
			);
			fileSystemSynchronizedGroups = (
				9C4627892F07C5CD00DBD32D /* News Explorer */,
			);
			name = "News Explorer";
			packageProductDependencies = (
			);
			productName = "News Explorer";
			productReference = 9C4627872F07C5CD00DBD32D /* News Explorer.app */;
			productType = "com.apple.product-type.application";
		};
		9C46279C2F07C5CF00DBD32D /* News ExplorerTests */ = {
			isa = PBXNativeTarget;
			buildConfigurationList = 9C4627B52F07C5CF00DBD32D /* Build configuration list for PBXNativeTarget "News ExplorerTests" */;
			buildPhases = (
				9C4627992F07C5CF00DBD32D /* Sources */,
				9C46279A2F07C5CF00DBD32D /* Frameworks */,
				9C46279B2F07C5CF00DBD32D /* Resources */,
			);
			buildRules = (
			);
			dependencies = (
				9C46279F2F07C5CF00DBD32D /* PBXTargetDependency */,
			);
			fileSystemSynchronizedGroups = (
				9C4627A02F07C5CF00DBD32D /* News ExplorerTests */,
			);
			name = "News ExplorerTests";
			packageProductDependencies = (
			);
			productName = "News ExplorerTests";
			productReference = 9C46279D2F07C5CF00DBD32D /* News ExplorerTests.xctest */;
			productType = "com.apple.product-type.bundle.unit-test";
		};
		9C4627A62F07C5CF00DBD32D /* News ExplorerUITests */ = {
			isa = PBXNativeTarget;
			buildConfigurationList = 9C4627B82F07C5CF00DBD32D /* Build configuration list for PBXNativeTarget "News ExplorerUITests" */;
			buildPhases = (
				9C4627A32F07C5CF00DBD32D /* Sources */,
				9C4627A42F07C5CF00DBD32D /* Frameworks */,
				9C4627A52F07C5CF00DBD32D /* Resources */,
			);
			buildRules = (
			);
			dependencies = (
				9C4627A92F07C5CF00DBD32D /* PBXTargetDependency */,
			);
			fileSystemSynchronizedGroups = (
				9C4627AA2F07C5CF00DBD32D /* News ExplorerUITests */,
			);
			name = "News ExplorerUITests";
			packageProductDependencies = (
			);
			productName = "News ExplorerUITests";
			productReference = 9C4627A72F07C5CF00DBD32D /* News ExplorerUITests.xctest */;
			productType = "com.apple.product-type.bundle.ui-testing";
		};
/* End PBXNativeTarget section */

/* Begin PBXProject section */
		9C46277F2F07C5CD00DBD32D /* Project object */ = {
			isa = PBXProject;
			attributes = {
				BuildIndependentTargetsInParallel = 1;
				LastSwiftUpdateCheck = 1630;
				LastUpgradeCheck = 1630;
				TargetAttributes = {
					9C4627862F07C5CD00DBD32D = {
						CreatedOnToolsVersion = 16.3;
					};
					9C46279C2F07C5CF00DBD32D = {
						CreatedOnToolsVersion = 16.3;
						TestTargetID = 9C4627862F07C5CD00DBD32D;
					};
					9C4627A62F07C5CF00DBD32D = {
						CreatedOnToolsVersion = 16.3;
						TestTargetID = 9C4627862F07C5CD00DBD32D;
					};
				};
			};
			buildConfigurationList = 9C4627822F07C5CD00DBD32D /* Build configuration list for PBXProject "News Explorer" */;
			developmentRegion = en;
			hasScannedForEncodings = 0;
			knownRegions = (
				en,
				Base,
			);
			mainGroup = 9C46277E2F07C5CD00DBD32D;
			minimizedProjectReferenceProxies = 1;
			preferredProjectObjectVersion = 77;
			productRefGroup = 9C4627882F07C5CD00DBD32D /* Products */;
			projectDirPath = "";
			projectRoot = "";
			targets = (
				9C4627862F07C5CD00DBD32D /* News Explorer */,
				9C46279C2F07C5CF00DBD32D /* News ExplorerTests */,
				9C4627A62F07C5CF00DBD32D /* News ExplorerUITests */,
			);
		};
/* End PBXProject section */

/* Begin PBXResourcesBuildPhase section */
		9C4627852F07C5CD00DBD32D /* Resources */ = {
			isa = PBXResourcesBuildPhase;
			buildActionMask = 2147483647;
			files = (
			);
			runOnlyForDeploymentPostprocessing = 0;
		};
		9C46279B2F07C5CF00DBD32D /* Resources */ = {
			isa = PBXResourcesBuildPhase;
			buildActionMask = 2147483647;
			files = (
			);
			runOnlyForDeploymentPostprocessing = 0;
		};
		9C4627A52F07C5CF00DBD32D /* Resources */ = {
			isa = PBXResourcesBuildPhase;
			buildActionMask = 2147483647;
			files = (
			);
			runOnlyForDeploymentPostprocessing = 0;
		};
/* End PBXResourcesBuildPhase section */

/* Begin PBXSourcesBuildPhase section */
		9C4627832F07C5CD00DBD32D /* Sources */ = {
			isa = PBXSourcesBuildPhase;
			buildActionMask = 2147483647;
			files = (
			);
			runOnlyForDeploymentPostprocessing = 0;
		};
		9C4627992F07C5CF00DBD32D /* Sources */ = {
			isa = PBXSourcesBuildPhase;
			buildActionMask = 2147483647;
			files = (
			);
			runOnlyForDeploymentPostprocessing = 0;
		};
		9C4627A32F07C5CF00DBD32D /* Sources */ = {
			isa = PBXSourcesBuildPhase;
			buildActionMask = 2147483647;
			files = (
			);
			runOnlyForDeploymentPostprocessing = 0;
		};
/* End PBXSourcesBuildPhase section */

/* Begin PBXTargetDependency section */
		9C46279F2F07C5CF00DBD32D /* PBXTargetDependency */ = {
			isa = PBXTargetDependency;
			target = 9C4627862F07C5CD00DBD32D /* News Explorer */;
			targetProxy = 9C46279E2F07C5CF00DBD32D /* PBXContainerItemProxy */;
		};
		9C4627A92F07C5CF00DBD32D /* PBXTargetDependency */ = {
			isa = PBXTargetDependency;
			target = 9C4627862F07C5CD00DBD32D /* News Explorer */;
			targetProxy = 9C4627A82F07C5CF00DBD32D /* PBXContainerItemProxy */;
		};
/* End PBXTargetDependency section */

/* Begin XCBuildConfiguration section */
		9C4627B12F07C5CF00DBD32D /* Debug */ = {
			isa = XCBuildConfiguration;
			buildSettings = {
				ASSETCATALOG_COMPILER_APPICON_NAME = AppIcon;
				ASSETCATALOG_COMPILER_GLOBAL_ACCENT_COLOR_NAME = AccentColor;
				CODE_SIGN_STYLE = Automatic;
				CURRENT_PROJECT_VERSION = 1;
				DEVELOPMENT_TEAM = X67H3S63LY;
				GENERATE_INFOPLIST_FILE = YES;
				INFOPLIST_FILE = "News Explorer/Info.plist";
				INFOPLIST_KEY_UIApplicationSupportsIndirectInputEvents = YES;
				INFOPLIST_KEY_UILaunchStoryboardName = LaunchScreen;
				INFOPLIST_KEY_UIMainStoryboardFile = Main;
				INFOPLIST_KEY_UISupportedInterfaceOrientations = UIInterfaceOrientationPortrait;
				INFOPLIST_KEY_UIUserInterfaceStyle = Light;
				IPHONEOS_DEPLOYMENT_TARGET = 15.6;
				LD_RUNPATH_SEARCH_PATHS = (
					"$(inherited)",
					"@executable_path/Frameworks",
				);
				MARKETING_VERSION = 1.0;
				PRODUCT_BUNDLE_IDENTIFIER = "com.bs23.news-explorer.News-Explorer";
				PRODUCT_NAME = "$(TARGET_NAME)";
				SWIFT_EMIT_LOC_STRINGS = YES;
				SWIFT_VERSION = 5.0;
				TARGETED_DEVICE_FAMILY = "1,2";
			};
			name = Debug;
		};
		9C4627B22F07C5CF00DBD32D /* Release */ = {
			isa = XCBuildConfiguration;
			buildSettings = {
				ASSETCATALOG_COMPILER_APPICON_NAME = AppIcon;
				ASSETCATALOG_COMPILER_GLOBAL_ACCENT_COLOR_NAME = AccentColor;
				CODE_SIGN_STYLE = Automatic;
				CURRENT_PROJECT_VERSION = 1;
				DEVELOPMENT_TEAM = X67H3S63LY;
				GENERATE_INFOPLIST_FILE = YES;
				INFOPLIST_FILE = "News Explorer/Info.plist";
				INFOPLIST_KEY_UIApplicationSupportsIndirectInputEvents = YES;
				INFOPLIST_KEY_UILaunchStoryboardName = LaunchScreen;
				INFOPLIST_KEY_UIMainStoryboardFile = Main;
				INFOPLIST_KEY_UISupportedInterfaceOrientations = UIInterfaceOrientationPortrait;
				INFOPLIST_KEY_UIUserInterfaceStyle = Light;
				IPHONEOS_DEPLOYMENT_TARGET = 15.6;
				LD_RUNPATH_SEARCH_PATHS = (
					"$(inherited)",
					"@executable_path/Frameworks",
				);
				MARKETING_VERSION = 1.0;
				PRODUCT_BUNDLE_IDENTIFIER = "com.bs23.news-explorer.News-Explorer";
				PRODUCT_NAME = "$(TARGET_NAME)";
				SWIFT_EMIT_LOC_STRINGS = YES;
				SWIFT_VERSION = 5.0;
				TARGETED_DEVICE_FAMILY = "1,2";
			};
			name = Release;
		};
		9C4627B32F07C5CF00DBD32D /* Debug */ = {
			isa = XCBuildConfiguration;
			buildSettings = {
				ALWAYS_SEARCH_USER_PATHS = NO;
				ASSETCATALOG_COMPILER_GENERATE_SWIFT_ASSET_SYMBOL_EXTENSIONS = YES;
				CLANG_ANALYZER_NONNULL = YES;
				CLANG_ANALYZER_NUMBER_OBJECT_CONVERSION = YES_AGGRESSIVE;
				CLANG_CXX_LANGUAGE_STANDARD = "gnu++20";
				CLANG_ENABLE_MODULES = YES;
				CLANG_ENABLE_OBJC_ARC = YES;
				CLANG_ENABLE_OBJC_WEAK = YES;
				CLANG_WARN_BLOCK_CAPTURE_AUTORELEASING = YES;
				CLANG_WARN_BOOL_CONVERSION = YES;
				CLANG_WARN_COMMA = YES;
				CLANG_WARN_CONSTANT_CONVERSION = YES;
				CLANG_WARN_DEPRECATED_OBJC_IMPLEMENTATIONS = YES;
				CLANG_WARN_DIRECT_OBJC_ISA_USAGE = YES_ERROR;
				CLANG_WARN_DOCUMENTATION_COMMENTS = YES;
				CLANG_WARN_EMPTY_BODY = YES;
				CLANG_WARN_ENUM_CONVERSION = YES;
				CLANG_WARN_INFINITE_RECURSION = YES;
				CLANG_WARN_INT_CONVERSION = YES;
				CLANG_WARN_NON_LITERAL_NULL_CONVERSION = YES;
				CLANG_WARN_OBJC_IMPLICIT_RETAIN_SELF = YES;
				CLANG_WARN_OBJC_LITERAL_CONVERSION = YES;
				CLANG_WARN_OBJC_ROOT_CLASS = YES_ERROR;
				CLANG_WARN_QUOTED_INCLUDE_IN_FRAMEWORK_HEADER = YES;
				CLANG_WARN_RANGE_LOOP_ANALYSIS = YES;
				CLANG_WARN_STRICT_PROTOTYPES = YES;
				CLANG_WARN_SUSPICIOUS_MOVE = YES;
				CLANG_WARN_UNGUARDED_AVAILABILITY = YES_AGGRESSIVE;
				CLANG_WARN_UNREACHABLE_CODE = YES;
				CLANG_WARN__DUPLICATE_METHOD_MATCH = YES;
				COPY_PHASE_STRIP = NO;
				DEBUG_INFORMATION_FORMAT = dwarf;
				DEVELOPMENT_TEAM = X67H3S63LY;
				ENABLE_STRICT_OBJC_MSGSEND = YES;
				ENABLE_TESTABILITY = YES;
				ENABLE_USER_SCRIPT_SANDBOXING = YES;
				GCC_C_LANGUAGE_STANDARD = gnu17;
				GCC_DYNAMIC_NO_PIC = NO;
				GCC_NO_COMMON_BLOCKS = YES;
				GCC_OPTIMIZATION_LEVEL = 0;
				GCC_PREPROCESSOR_DEFINITIONS = (
					"DEBUG=1",
					"$(inherited)",
				);
				GCC_WARN_64_TO_32_BIT_CONVERSION = YES;
				GCC_WARN_ABOUT_RETURN_TYPE = YES_ERROR;
				GCC_WARN_UNDECLARED_SELECTOR = YES;
				GCC_WARN_UNINITIALIZED_AUTOS = YES_AGGRESSIVE;
				GCC_WARN_UNUSED_FUNCTION = YES;
				GCC_WARN_UNUSED_VARIABLE = YES;
				IPHONEOS_DEPLOYMENT_TARGET = 18.4;
				LOCALIZATION_PREFERS_STRING_CATALOGS = YES;
				MTL_ENABLE_DEBUG_INFO = INCLUDE_SOURCE;
				MTL_FAST_MATH = YES;
				ONLY_ACTIVE_ARCH = YES;
				SDKROOT = iphoneos;
				SWIFT_ACTIVE_COMPILATION_CONDITIONS = "DEBUG $(inherited)";
				SWIFT_OPTIMIZATION_LEVEL = "-Onone";
			};
			name = Debug;
		};
		9C4627B42F07C5CF00DBD32D /* Release */ = {
			isa = XCBuildConfiguration;
			buildSettings = {
				ALWAYS_SEARCH_USER_PATHS = NO;
				ASSETCATALOG_COMPILER_GENERATE_SWIFT_ASSET_SYMBOL_EXTENSIONS = YES;
				CLANG_ANALYZER_NONNULL = YES;
				CLANG_ANALYZER_NUMBER_OBJECT_CONVERSION = YES_AGGRESSIVE;
				CLANG_CXX_LANGUAGE_STANDARD = "gnu++20";
				CLANG_ENABLE_MODULES = YES;
				CLANG_ENABLE_OBJC_ARC = YES;
				CLANG_ENABLE_OBJC_WEAK = YES;
				CLANG_WARN_BLOCK_CAPTURE_AUTORELEASING = YES;
				CLANG_WARN_BOOL_CONVERSION = YES;
				CLANG_WARN_COMMA = YES;
				CLANG_WARN_CONSTANT_CONVERSION = YES;
				CLANG_WARN_DEPRECATED_OBJC_IMPLEMENTATIONS = YES;
				CLANG_WARN_DIRECT_OBJC_ISA_USAGE = YES_ERROR;
				CLANG_WARN_DOCUMENTATION_COMMENTS = YES;
				CLANG_WARN_EMPTY_BODY = YES;
				CLANG_WARN_ENUM_CONVERSION = YES;
				CLANG_WARN_INFINITE_RECURSION = YES;
				CLANG_WARN_INT_CONVERSION = YES;
				CLANG_WARN_NON_LITERAL_NULL_CONVERSION = YES;
				CLANG_WARN_OBJC_IMPLICIT_RETAIN_SELF = YES;
				CLANG_WARN_OBJC_LITERAL_CONVERSION = YES;
				CLANG_WARN_OBJC_ROOT_CLASS = YES_ERROR;
				CLANG_WARN_QUOTED_INCLUDE_IN_FRAMEWORK_HEADER = YES;
				CLANG_WARN_RANGE_LOOP_ANALYSIS = YES;
				CLANG_WARN_STRICT_PROTOTYPES = YES;
				CLANG_WARN_SUSPICIOUS_MOVE = YES;
				CLANG_WARN_UNGUARDED_AVAILABILITY = YES_AGGRESSIVE;
				CLANG_WARN_UNREACHABLE_CODE = YES;
				CLANG_WARN__DUPLICATE_METHOD_MATCH = YES;
				COPY_PHASE_STRIP = NO;
				DEBUG_INFORMATION_FORMAT = "dwarf-with-dsym";
				DEVELOPMENT_TEAM = X67H3S63LY;
				ENABLE_NS_ASSERTIONS = NO;
				ENABLE_STRICT_OBJC_MSGSEND = YES;
				ENABLE_USER_SCRIPT_SANDBOXING = YES;
				GCC_C_LANGUAGE_STANDARD = gnu17;
				GCC_NO_COMMON_BLOCKS = YES;
				GCC_WARN_64_TO_32_BIT_CONVERSION = YES;
				GCC_WARN_ABOUT_RETURN_TYPE = YES_ERROR;
				GCC_WARN_UNDECLARED_SELECTOR = YES;
				GCC_WARN_UNINITIALIZED_AUTOS = YES_AGGRESSIVE;
				GCC_WARN_UNUSED_FUNCTION = YES;
				GCC_WARN_UNUSED_VARIABLE = YES;
				IPHONEOS_DEPLOYMENT_TARGET = 18.4;
				LOCALIZATION_PREFERS_STRING_CATALOGS = YES;
				MTL_ENABLE_DEBUG_INFO = NO;
				MTL_FAST_MATH = YES;
				SDKROOT = iphoneos;
				SWIFT_COMPILATION_MODE = wholemodule;
				VALIDATE_PRODUCT = YES;
			};
			name = Release;
		};
		9C4627B62F07C5CF00DBD32D /* Debug */ = {
			isa = XCBuildConfiguration;
			buildSettings = {
				BUNDLE_LOADER = "$(TEST_HOST)";
				CODE_SIGN_STYLE = Automatic;
				CURRENT_PROJECT_VERSION = 1;
				DEVELOPMENT_TEAM = X67H3S63LY;
				GENERATE_INFOPLIST_FILE = YES;
				IPHONEOS_DEPLOYMENT_TARGET = 18.4;
				MARKETING_VERSION = 1.0;
				PRODUCT_BUNDLE_IDENTIFIER = "com.bs23.news-explorer.News-ExplorerTests";
				PRODUCT_NAME = "$(TARGET_NAME)";
				SWIFT_EMIT_LOC_STRINGS = NO;
				SWIFT_VERSION = 5.0;
				TARGETED_DEVICE_FAMILY = "1,2";
				TEST_HOST = "$(BUILT_PRODUCTS_DIR)/News Explorer.app/$(BUNDLE_EXECUTABLE_FOLDER_PATH)/News Explorer";
			};
			name = Debug;
		};
		9C4627B72F07C5CF00DBD32D /* Release */ = {
			isa = XCBuildConfiguration;
			buildSettings = {
				BUNDLE_LOADER = "$(TEST_HOST)";
				CODE_SIGN_STYLE = Automatic;
				CURRENT_PROJECT_VERSION = 1;
				DEVELOPMENT_TEAM = X67H3S63LY;
				GENERATE_INFOPLIST_FILE = YES;
				IPHONEOS_DEPLOYMENT_TARGET = 18.4;
				MARKETING_VERSION = 1.0;
				PRODUCT_BUNDLE_IDENTIFIER = "com.bs23.news-explorer.News-ExplorerTests";
				PRODUCT_NAME = "$(TARGET_NAME)";
				SWIFT_EMIT_LOC_STRINGS = NO;
				SWIFT_VERSION = 5.0;
				TARGETED_DEVICE_FAMILY = "1,2";
				TEST_HOST = "$(BUILT_PRODUCTS_DIR)/News Explorer.app/$(BUNDLE_EXECUTABLE_FOLDER_PATH)/News Explorer";
			};
			name = Release;
		};
		9C4627B92F07C5CF00DBD32D /* Debug */ = {
			isa = XCBuildConfiguration;
			buildSettings = {
				CODE_SIGN_STYLE = Automatic;
				CURRENT_PROJECT_VERSION = 1;
				DEVELOPMENT_TEAM = X67H3S63LY;
				GENERATE_INFOPLIST_FILE = YES;
				MARKETING_VERSION = 1.0;
				PRODUCT_BUNDLE_IDENTIFIER = "com.bs23.news-explorer.News-ExplorerUITests";
				PRODUCT_NAME = "$(TARGET_NAME)";
				SWIFT_EMIT_LOC_STRINGS = NO;
				SWIFT_VERSION = 5.0;
				TARGETED_DEVICE_FAMILY = "1,2";
				TEST_TARGET_NAME = "News Explorer";
			};
			name = Debug;
		};
		9C4627BA2F07C5CF00DBD32D /* Release */ = {
			isa = XCBuildConfiguration;
			buildSettings = {
				CODE_SIGN_STYLE = Automatic;
				CURRENT_PROJECT_VERSION = 1;
				DEVELOPMENT_TEAM = X67H3S63LY;
				GENERATE_INFOPLIST_FILE = YES;
				MARKETING_VERSION = 1.0;
				PRODUCT_BUNDLE_IDENTIFIER = "com.bs23.news-explorer.News-ExplorerUITests";
				PRODUCT_NAME = "$(TARGET_NAME)";
				SWIFT_EMIT_LOC_STRINGS = NO;
				SWIFT_VERSION = 5.0;
				TARGETED_DEVICE_FAMILY = "1,2";
				TEST_TARGET_NAME = "News Explorer";
			};
			name = Release;
		};
/* End XCBuildConfiguration section */

/* Begin XCConfigurationList section */
		9C4627822F07C5CD00DBD32D /* Build configuration list for PBXProject "News Explorer" */ = {
			isa = XCConfigurationList;
			buildConfigurations = (
				9C4627B32F07C5CF00DBD32D /* Debug */,
				9C4627B42F07C5CF00DBD32D /* Release */,
			);
			defaultConfigurationIsVisible = 0;
			defaultConfigurationName = Release;
		};
		9C4627B02F07C5CF00DBD32D /* Build configuration list for PBXNativeTarget "News Explorer" */ = {
			isa = XCConfigurationList;
			buildConfigurations = (
				9C4627B12F07C5CF00DBD32D /* Debug */,
				9C4627B22F07C5CF00DBD32D /* Release */,
			);
			defaultConfigurationIsVisible = 0;
			defaultConfigurationName = Release;
		};
		9C4627B52F07C5CF00DBD32D /* Build configuration list for PBXNativeTarget "News ExplorerTests" */ = {
			isa = XCConfigurationList;
			buildConfigurations = (
				9C4627B62F07C5CF00DBD32D /* Debug */,
				9C4627B72F07C5CF00DBD32D /* Release */,
			);
			defaultConfigurationIsVisible = 0;
			defaultConfigurationName = Release;
		};
		9C4627B82F07C5CF00DBD32D /* Build configuration list for PBXNativeTarget "News ExplorerUITests" */ = {
			isa = XCConfigurationList;
			buildConfigurations = (
				9C4627B92F07C5CF00DBD32D /* Debug */,
				9C4627BA2F07C5CF00DBD32D /* Release */,
			);
			defaultConfigurationIsVisible = 0;
			defaultConfigurationName = Release;
		};
/* End XCConfigurationList section */
	};
	rootObject = 9C46277F2F07C5CD00DBD32D /* Project object */;
}
